// !$*UTF8*$!
{
	archiveVersion = 1;
	classes = {
	};
	objectVersion = 50;
	objects = {

/* Begin PBXBuildFile section */
		BB008A8322B722FA00F9D779 /* Alamofire.framework in Frameworks */ = {isa = PBXBuildFile; fileRef = BB008A8222B722F900F9D779 /* Alamofire.framework */; };
		BB008A8422B722FA00F9D779 /* Alamofire.framework in Embed Frameworks */ = {isa = PBXBuildFile; fileRef = BB008A8222B722F900F9D779 /* Alamofire.framework */; settings = {ATTRIBUTES = (CodeSignOnCopy, RemoveHeadersOnCopy, ); }; };
		BB6645D622B3AD250055CE2C /* AppDelegate.swift in Sources */ = {isa = PBXBuildFile; fileRef = BB6645D522B3AD250055CE2C /* AppDelegate.swift */; };
		BB6645D822B3AD250055CE2C /* ViewController.swift in Sources */ = {isa = PBXBuildFile; fileRef = BB6645D722B3AD250055CE2C /* ViewController.swift */; };
		BB6645DB22B3AD250055CE2C /* Main.storyboard in Resources */ = {isa = PBXBuildFile; fileRef = BB6645D922B3AD250055CE2C /* Main.storyboard */; };
		BB6645DD22B3AD270055CE2C /* Assets.xcassets in Resources */ = {isa = PBXBuildFile; fileRef = BB6645DC22B3AD270055CE2C /* Assets.xcassets */; };
		BB6645E022B3AD270055CE2C /* LaunchScreen.storyboard in Resources */ = {isa = PBXBuildFile; fileRef = BB6645DE22B3AD270055CE2C /* LaunchScreen.storyboard */; };
		BB6645EB22B3AD270055CE2C /* Foundation_iOSTests.swift in Sources */ = {isa = PBXBuildFile; fileRef = BB6645EA22B3AD270055CE2C /* Foundation_iOSTests.swift */; };
		BB6645F622B3AD270055CE2C /* Foundation_iOSUITests.swift in Sources */ = {isa = PBXBuildFile; fileRef = BB6645F522B3AD270055CE2C /* Foundation_iOSUITests.swift */; };
		BB66460722B3B3B30055CE2C /* Header.swift in Sources */ = {isa = PBXBuildFile; fileRef = BB66460622B3B3B30055CE2C /* Header.swift */; };
		BBA9F39F22B3C8CB009C8B9D /* Header.xib in Resources */ = {isa = PBXBuildFile; fileRef = BBA9F39E22B3C8CB009C8B9D /* Header.xib */; };
/* End PBXBuildFile section */

/* Begin PBXContainerItemProxy section */
		BB6645E722B3AD270055CE2C /* PBXContainerItemProxy */ = {
			isa = PBXContainerItemProxy;
			containerPortal = BB6645CA22B3AD250055CE2C /* Project object */;
			proxyType = 1;
			remoteGlobalIDString = BB6645D122B3AD250055CE2C;
			remoteInfo = "Foundation-iOS";
		};
		BB6645F222B3AD270055CE2C /* PBXContainerItemProxy */ = {
			isa = PBXContainerItemProxy;
			containerPortal = BB6645CA22B3AD250055CE2C /* Project object */;
			proxyType = 1;
			remoteGlobalIDString = BB6645D122B3AD250055CE2C;
			remoteInfo = "Foundation-iOS";
		};
/* End PBXContainerItemProxy section */

/* Begin PBXCopyFilesBuildPhase section */
		BB008A8522B722FA00F9D779 /* Embed Frameworks */ = {
			isa = PBXCopyFilesBuildPhase;
			buildActionMask = 2147483647;
			dstPath = "";
			dstSubfolderSpec = 10;
			files = (
				BB008A8422B722FA00F9D779 /* Alamofire.framework in Embed Frameworks */,
			);
			name = "Embed Frameworks";
			runOnlyForDeploymentPostprocessing = 0;
		};
/* End PBXCopyFilesBuildPhase section */

/* Begin PBXFileReference section */
		BB008A8222B722F900F9D779 /* Alamofire.framework */ = {isa = PBXFileReference; lastKnownFileType = wrapper.framework; name = Alamofire.framework; path = Carthage/Build/iOS/Alamofire.framework; sourceTree = "<group>"; };
		BB6645D222B3AD250055CE2C /* Foundation-iOS.app */ = {isa = PBXFileReference; explicitFileType = wrapper.application; includeInIndex = 0; path = "Foundation-iOS.app"; sourceTree = BUILT_PRODUCTS_DIR; };
		BB6645D522B3AD250055CE2C /* AppDelegate.swift */ = {isa = PBXFileReference; lastKnownFileType = sourcecode.swift; path = AppDelegate.swift; sourceTree = "<group>"; };
		BB6645D722B3AD250055CE2C /* ViewController.swift */ = {isa = PBXFileReference; lastKnownFileType = sourcecode.swift; path = ViewController.swift; sourceTree = "<group>"; };
		BB6645DA22B3AD250055CE2C /* Base */ = {isa = PBXFileReference; lastKnownFileType = file.storyboard; name = Base; path = Base.lproj/Main.storyboard; sourceTree = "<group>"; };
		BB6645DC22B3AD270055CE2C /* Assets.xcassets */ = {isa = PBXFileReference; lastKnownFileType = folder.assetcatalog; path = Assets.xcassets; sourceTree = "<group>"; };
		BB6645DF22B3AD270055CE2C /* Base */ = {isa = PBXFileReference; lastKnownFileType = file.storyboard; name = Base; path = Base.lproj/LaunchScreen.storyboard; sourceTree = "<group>"; };
		BB6645E122B3AD270055CE2C /* Info.plist */ = {isa = PBXFileReference; lastKnownFileType = text.plist.xml; path = Info.plist; sourceTree = "<group>"; };
		BB6645E622B3AD270055CE2C /* Foundation-iOSTests.xctest */ = {isa = PBXFileReference; explicitFileType = wrapper.cfbundle; includeInIndex = 0; path = "Foundation-iOSTests.xctest"; sourceTree = BUILT_PRODUCTS_DIR; };
		BB6645EA22B3AD270055CE2C /* Foundation_iOSTests.swift */ = {isa = PBXFileReference; lastKnownFileType = sourcecode.swift; path = Foundation_iOSTests.swift; sourceTree = "<group>"; };
		BB6645EC22B3AD270055CE2C /* Info.plist */ = {isa = PBXFileReference; lastKnownFileType = text.plist.xml; path = Info.plist; sourceTree = "<group>"; };
		BB6645F122B3AD270055CE2C /* Foundation-iOSUITests.xctest */ = {isa = PBXFileReference; explicitFileType = wrapper.cfbundle; includeInIndex = 0; path = "Foundation-iOSUITests.xctest"; sourceTree = BUILT_PRODUCTS_DIR; };
		BB6645F522B3AD270055CE2C /* Foundation_iOSUITests.swift */ = {isa = PBXFileReference; lastKnownFileType = sourcecode.swift; path = Foundation_iOSUITests.swift; sourceTree = "<group>"; };
		BB6645F722B3AD270055CE2C /* Info.plist */ = {isa = PBXFileReference; lastKnownFileType = text.plist.xml; path = Info.plist; sourceTree = "<group>"; };
		BB66460622B3B3B30055CE2C /* Header.swift */ = {isa = PBXFileReference; lastKnownFileType = sourcecode.swift; path = Header.swift; sourceTree = "<group>"; };
		BBA9F39E22B3C8CB009C8B9D /* Header.xib */ = {isa = PBXFileReference; lastKnownFileType = file.xib; path = Header.xib; sourceTree = "<group>"; };
/* End PBXFileReference section */

/* Begin PBXFrameworksBuildPhase section */
		BB6645CF22B3AD250055CE2C /* Frameworks */ = {
			isa = PBXFrameworksBuildPhase;
			buildActionMask = 2147483647;
			files = (
				BB008A8322B722FA00F9D779 /* Alamofire.framework in Frameworks */,
			);
			runOnlyForDeploymentPostprocessing = 0;
		};
		BB6645E322B3AD270055CE2C /* Frameworks */ = {
			isa = PBXFrameworksBuildPhase;
			buildActionMask = 2147483647;
			files = (
			);
			runOnlyForDeploymentPostprocessing = 0;
		};
		BB6645EE22B3AD270055CE2C /* Frameworks */ = {
			isa = PBXFrameworksBuildPhase;
			buildActionMask = 2147483647;
			files = (
			);
			runOnlyForDeploymentPostprocessing = 0;
		};
/* End PBXFrameworksBuildPhase section */

/* Begin PBXGroup section */
		BB6645C922B3AD250055CE2C = {
			isa = PBXGroup;
			children = (
				BB008A8222B722F900F9D779 /* Alamofire.framework */,
				BB6645D422B3AD250055CE2C /* Foundation-iOS */,
				BB6645E922B3AD270055CE2C /* Foundation-iOSTests */,
				BB6645F422B3AD270055CE2C /* Foundation-iOSUITests */,
				BB6645D322B3AD250055CE2C /* Products */,
			);
			sourceTree = "<group>";
		};
		BB6645D322B3AD250055CE2C /* Products */ = {
			isa = PBXGroup;
			children = (
				BB6645D222B3AD250055CE2C /* Foundation-iOS.app */,
				BB6645E622B3AD270055CE2C /* Foundation-iOSTests.xctest */,
				BB6645F122B3AD270055CE2C /* Foundation-iOSUITests.xctest */,
			);
			name = Products;
			sourceTree = "<group>";
		};
		BB6645D422B3AD250055CE2C /* Foundation-iOS */ = {
			isa = PBXGroup;
			children = (
				BB66460322B3B2200055CE2C /* View */,
				BB6645D522B3AD250055CE2C /* AppDelegate.swift */,
				BB6645D722B3AD250055CE2C /* ViewController.swift */,
				BB6645D922B3AD250055CE2C /* Main.storyboard */,
				BB6645DC22B3AD270055CE2C /* Assets.xcassets */,
				BB6645DE22B3AD270055CE2C /* LaunchScreen.storyboard */,
				BB6645E122B3AD270055CE2C /* Info.plist */,
			);
			path = "Foundation-iOS";
			sourceTree = "<group>";
		};
		BB6645E922B3AD270055CE2C /* Foundation-iOSTests */ = {
			isa = PBXGroup;
			children = (
				BB6645EA22B3AD270055CE2C /* Foundation_iOSTests.swift */,
				BB6645EC22B3AD270055CE2C /* Info.plist */,
			);
			path = "Foundation-iOSTests";
			sourceTree = "<group>";
		};
		BB6645F422B3AD270055CE2C /* Foundation-iOSUITests */ = {
			isa = PBXGroup;
			children = (
				BB6645F522B3AD270055CE2C /* Foundation_iOSUITests.swift */,
				BB6645F722B3AD270055CE2C /* Info.plist */,
			);
			path = "Foundation-iOSUITests";
			sourceTree = "<group>";
		};
		BB66460322B3B2200055CE2C /* View */ = {
			isa = PBXGroup;
			children = (
				BB66460622B3B3B30055CE2C /* Header.swift */,
				BBA9F39E22B3C8CB009C8B9D /* Header.xib */,
			);
			path = View;
			sourceTree = "<group>";
		};
/* End PBXGroup section */

/* Begin PBXNativeTarget section */
		BB6645D122B3AD250055CE2C /* Foundation-iOS */ = {
			isa = PBXNativeTarget;
			buildConfigurationList = BB6645FA22B3AD270055CE2C /* Build configuration list for PBXNativeTarget "Foundation-iOS" */;
			buildPhases = (
				BB6645CE22B3AD250055CE2C /* Sources */,
				BB6645CF22B3AD250055CE2C /* Frameworks */,
				BB6645D022B3AD250055CE2C /* Resources */,
				BB008A8522B722FA00F9D779 /* Embed Frameworks */,
				BB008A8622B7233D00F9D779 /* ShellScript */,
			);
			buildRules = (
			);
			dependencies = (
			);
			name = "Foundation-iOS";
			productName = "Foundation-iOS";
			productReference = BB6645D222B3AD250055CE2C /* Foundation-iOS.app */;
			productType = "com.apple.product-type.application";
		};
		BB6645E522B3AD270055CE2C /* Foundation-iOSTests */ = {
			isa = PBXNativeTarget;
			buildConfigurationList = BB6645FD22B3AD270055CE2C /* Build configuration list for PBXNativeTarget "Foundation-iOSTests" */;
			buildPhases = (
				BB6645E222B3AD270055CE2C /* Sources */,
				BB6645E322B3AD270055CE2C /* Frameworks */,
				BB6645E422B3AD270055CE2C /* Resources */,
			);
			buildRules = (
			);
			dependencies = (
				BB6645E822B3AD270055CE2C /* PBXTargetDependency */,
			);
			name = "Foundation-iOSTests";
			productName = "Foundation-iOSTests";
			productReference = BB6645E622B3AD270055CE2C /* Foundation-iOSTests.xctest */;
			productType = "com.apple.product-type.bundle.unit-test";
		};
		BB6645F022B3AD270055CE2C /* Foundation-iOSUITests */ = {
			isa = PBXNativeTarget;
			buildConfigurationList = BB66460022B3AD270055CE2C /* Build configuration list for PBXNativeTarget "Foundation-iOSUITests" */;
			buildPhases = (
				BB6645ED22B3AD270055CE2C /* Sources */,
				BB6645EE22B3AD270055CE2C /* Frameworks */,
				BB6645EF22B3AD270055CE2C /* Resources */,
			);
			buildRules = (
			);
			dependencies = (
				BB6645F322B3AD270055CE2C /* PBXTargetDependency */,
			);
			name = "Foundation-iOSUITests";
			productName = "Foundation-iOSUITests";
			productReference = BB6645F122B3AD270055CE2C /* Foundation-iOSUITests.xctest */;
			productType = "com.apple.product-type.bundle.ui-testing";
		};
/* End PBXNativeTarget section */

/* Begin PBXProject section */
		BB6645CA22B3AD250055CE2C /* Project object */ = {
			isa = PBXProject;
			attributes = {
				LastSwiftUpdateCheck = 0930;
				LastUpgradeCheck = 0930;
				ORGANIZATIONNAME = "naoya nishida";
				TargetAttributes = {
					BB6645D122B3AD250055CE2C = {
						CreatedOnToolsVersion = 9.3.1;
					};
					BB6645E522B3AD270055CE2C = {
						CreatedOnToolsVersion = 9.3.1;
						TestTargetID = BB6645D122B3AD250055CE2C;
					};
					BB6645F022B3AD270055CE2C = {
						CreatedOnToolsVersion = 9.3.1;
						TestTargetID = BB6645D122B3AD250055CE2C;
					};
				};
			};
			buildConfigurationList = BB6645CD22B3AD250055CE2C /* Build configuration list for PBXProject "Foundation-iOS" */;
			compatibilityVersion = "Xcode 9.3";
			developmentRegion = en;
			hasScannedForEncodings = 0;
			knownRegions = (
				en,
				Base,
			);
			mainGroup = BB6645C922B3AD250055CE2C;
			productRefGroup = BB6645D322B3AD250055CE2C /* Products */;
			projectDirPath = "";
			projectRoot = "";
			targets = (
				BB6645D122B3AD250055CE2C /* Foundation-iOS */,
				BB6645E522B3AD270055CE2C /* Foundation-iOSTests */,
				BB6645F022B3AD270055CE2C /* Foundation-iOSUITests */,
			);
		};
/* End PBXProject section */

/* Begin PBXResourcesBuildPhase section */
		BB6645D022B3AD250055CE2C /* Resources */ = {
			isa = PBXResourcesBuildPhase;
			buildActionMask = 2147483647;
			files = (
				BBA9F39F22B3C8CB009C8B9D /* Header.xib in Resources */,
				BB6645E022B3AD270055CE2C /* LaunchScreen.storyboard in Resources */,
				BB6645DD22B3AD270055CE2C /* Assets.xcassets in Resources */,
				BB6645DB22B3AD250055CE2C /* Main.storyboard in Resources */,
			);
			runOnlyForDeploymentPostprocessing = 0;
		};
		BB6645E422B3AD270055CE2C /* Resources */ = {
			isa = PBXResourcesBuildPhase;
			buildActionMask = 2147483647;
			files = (
			);
			runOnlyForDeploymentPostprocessing = 0;
		};
		BB6645EF22B3AD270055CE2C /* Resources */ = {
			isa = PBXResourcesBuildPhase;
			buildActionMask = 2147483647;
			files = (
			);
			runOnlyForDeploymentPostprocessing = 0;
		};
/* End PBXResourcesBuildPhase section */

/* Begin PBXShellScriptBuildPhase section */
		BB008A8622B7233D00F9D779 /* ShellScript */ = {
			isa = PBXShellScriptBuildPhase;
			buildActionMask = 2147483647;
			files = (
			);
			inputFileListPaths = (
			);
			inputPaths = (
			);
			outputFileListPaths = (
			);
			outputPaths = (
			);
			runOnlyForDeploymentPostprocessing = 0;
			shellPath = "/usr/local/bin/carthage copy-frameworks";
			shellScript = "# Type a script or drag a script file from your workspace to insert its path.\n";
		};
/* End PBXShellScriptBuildPhase section */

/* Begin PBXSourcesBuildPhase section */
		BB6645CE22B3AD250055CE2C /* Sources */ = {
			isa = PBXSourcesBuildPhase;
			buildActionMask = 2147483647;
			files = (
				BB6645D822B3AD250055CE2C /* ViewController.swift in Sources */,
				BB66460722B3B3B30055CE2C /* Header.swift in Sources */,
				BB6645D622B3AD250055CE2C /* AppDelegate.swift in Sources */,
			);
			runOnlyForDeploymentPostprocessing = 0;
		};
		BB6645E222B3AD270055CE2C /* Sources */ = {
			isa = PBXSourcesBuildPhase;
			buildActionMask = 2147483647;
			files = (
				BB6645EB22B3AD270055CE2C /* Foundation_iOSTests.swift in Sources */,
			);
			runOnlyForDeploymentPostprocessing = 0;
		};
		BB6645ED22B3AD270055CE2C /* Sources */ = {
			isa = PBXSourcesBuildPhase;
			buildActionMask = 2147483647;
			files = (
				BB6645F622B3AD270055CE2C /* Foundation_iOSUITests.swift in Sources */,
			);
			runOnlyForDeploymentPostprocessing = 0;
		};
/* End PBXSourcesBuildPhase section */

/* Begin PBXTargetDependency section */
		BB6645E822B3AD270055CE2C /* PBXTargetDependency */ = {
			isa = PBXTargetDependency;
			target = BB6645D122B3AD250055CE2C /* Foundation-iOS */;
			targetProxy = BB6645E722B3AD270055CE2C /* PBXContainerItemProxy */;
		};
		BB6645F322B3AD270055CE2C /* PBXTargetDependency */ = {
			isa = PBXTargetDependency;
			target = BB6645D122B3AD250055CE2C /* Foundation-iOS */;
			targetProxy = BB6645F222B3AD270055CE2C /* PBXContainerItemProxy */;
		};
/* End PBXTargetDependency section */

/* Begin PBXVariantGroup section */
		BB6645D922B3AD250055CE2C /* Main.storyboard */ = {
			isa = PBXVariantGroup;
			children = (
				BB6645DA22B3AD250055CE2C /* Base */,
			);
			name = Main.storyboard;
			sourceTree = "<group>";
		};
		BB6645DE22B3AD270055CE2C /* LaunchScreen.storyboard */ = {
			isa = PBXVariantGroup;
			children = (
				BB6645DF22B3AD270055CE2C /* Base */,
			);
			name = LaunchScreen.storyboard;
			sourceTree = "<group>";
		};
/* End PBXVariantGroup section */

/* Begin XCBuildConfiguration section */
		BB6645F822B3AD270055CE2C /* Debug */ = {
			isa = XCBuildConfiguration;
			buildSettings = {
				ALWAYS_SEARCH_USER_PATHS = NO;
				CLANG_ANALYZER_NONNULL = YES;
				CLANG_ANALYZER_NUMBER_OBJECT_CONVERSION = YES_AGGRESSIVE;
				CLANG_CXX_LANGUAGE_STANDARD = "gnu++14";
				CLANG_CXX_LIBRARY = "libc++";
				CLANG_ENABLE_MODULES = YES;
				CLANG_ENABLE_OBJC_ARC = YES;
				CLANG_ENABLE_OBJC_WEAK = YES;
				CLANG_WARN_BLOCK_CAPTURE_AUTORELEASING = YES;
				CLANG_WARN_BOOL_CONVERSION = YES;
				CLANG_WARN_COMMA = YES;
				CLANG_WARN_CONSTANT_CONVERSION = YES;
				CLANG_WARN_DEPRECATED_OBJC_IMPLEMENTATIONS = YES;
				CLANG_WARN_DIRECT_OBJC_ISA_USAGE = YES_ERROR;
				CLANG_WARN_DOCUMENTATION_COMMENTS = YES;
				CLANG_WARN_EMPTY_BODY = YES;
				CLANG_WARN_ENUM_CONVERSION = YES;
				CLANG_WARN_INFINITE_RECURSION = YES;
				CLANG_WARN_INT_CONVERSION = YES;
				CLANG_WARN_NON_LITERAL_NULL_CONVERSION = YES;
				CLANG_WARN_OBJC_IMPLICIT_RETAIN_SELF = YES;
				CLANG_WARN_OBJC_LITERAL_CONVERSION = YES;
				CLANG_WARN_OBJC_ROOT_CLASS = YES_ERROR;
				CLANG_WARN_RANGE_LOOP_ANALYSIS = YES;
				CLANG_WARN_STRICT_PROTOTYPES = YES;
				CLANG_WARN_SUSPICIOUS_MOVE = YES;
				CLANG_WARN_UNGUARDED_AVAILABILITY = YES_AGGRESSIVE;
				CLANG_WARN_UNREACHABLE_CODE = YES;
				CLANG_WARN__DUPLICATE_METHOD_MATCH = YES;
				CODE_SIGN_IDENTITY = "iPhone Developer";
				COPY_PHASE_STRIP = NO;
				DEBUG_INFORMATION_FORMAT = dwarf;
				ENABLE_STRICT_OBJC_MSGSEND = YES;
				ENABLE_TESTABILITY = YES;
				GCC_C_LANGUAGE_STANDARD = gnu11;
				GCC_DYNAMIC_NO_PIC = NO;
				GCC_NO_COMMON_BLOCKS = YES;
				GCC_OPTIMIZATION_LEVEL = 0;
				GCC_PREPROCESSOR_DEFINITIONS = (
					"DEBUG=1",
					"$(inherited)",
				);
				GCC_WARN_64_TO_32_BIT_CONVERSION = YES;
				GCC_WARN_ABOUT_RETURN_TYPE = YES_ERROR;
				GCC_WARN_UNDECLARED_SELECTOR = YES;
				GCC_WARN_UNINITIALIZED_AUTOS = YES_AGGRESSIVE;
				GCC_WARN_UNUSED_FUNCTION = YES;
				GCC_WARN_UNUSED_VARIABLE = YES;
				IPHONEOS_DEPLOYMENT_TARGET = 11.3;
				MTL_ENABLE_DEBUG_INFO = YES;
				ONLY_ACTIVE_ARCH = YES;
				SDKROOT = iphoneos;
				SWIFT_ACTIVE_COMPILATION_CONDITIONS = DEBUG;
				SWIFT_OPTIMIZATION_LEVEL = "-Onone";
			};
			name = Debug;
		};
		BB6645F922B3AD270055CE2C /* Release */ = {
			isa = XCBuildConfiguration;
			buildSettings = {
				ALWAYS_SEARCH_USER_PATHS = NO;
				CLANG_ANALYZER_NONNULL = YES;
				CLANG_ANALYZER_NUMBER_OBJECT_CONVERSION = YES_AGGRESSIVE;
				CLANG_CXX_LANGUAGE_STANDARD = "gnu++14";
				CLANG_CXX_LIBRARY = "libc++";
				CLANG_ENABLE_MODULES = YES;
				CLANG_ENABLE_OBJC_ARC = YES;
				CLANG_ENABLE_OBJC_WEAK = YES;
				CLANG_WARN_BLOCK_CAPTURE_AUTORELEASING = YES;
				CLANG_WARN_BOOL_CONVERSION = YES;
				CLANG_WARN_COMMA = YES;
				CLANG_WARN_CONSTANT_CONVERSION = YES;
				CLANG_WARN_DEPRECATED_OBJC_IMPLEMENTATIONS = YES;
				CLANG_WARN_DIRECT_OBJC_ISA_USAGE = YES_ERROR;
				CLANG_WARN_DOCUMENTATION_COMMENTS = YES;
				CLANG_WARN_EMPTY_BODY = YES;
				CLANG_WARN_ENUM_CONVERSION = YES;
				CLANG_WARN_INFINITE_RECURSION = YES;
				CLANG_WARN_INT_CONVERSION = YES;
				CLANG_WARN_NON_LITERAL_NULL_CONVERSION = YES;
				CLANG_WARN_OBJC_IMPLICIT_RETAIN_SELF = YES;
				CLANG_WARN_OBJC_LITERAL_CONVERSION = YES;
				CLANG_WARN_OBJC_ROOT_CLASS = YES_ERROR;
				CLANG_WARN_RANGE_LOOP_ANALYSIS = YES;
				CLANG_WARN_STRICT_PROTOTYPES = YES;
				CLANG_WARN_SUSPICIOUS_MOVE = YES;
				CLANG_WARN_UNGUARDED_AVAILABILITY = YES_AGGRESSIVE;
				CLANG_WARN_UNREACHABLE_CODE = YES;
				CLANG_WARN__DUPLICATE_METHOD_MATCH = YES;
				CODE_SIGN_IDENTITY = "iPhone Developer";
				COPY_PHASE_STRIP = NO;
				DEBUG_INFORMATION_FORMAT = "dwarf-with-dsym";
				ENABLE_NS_ASSERTIONS = NO;
				ENABLE_STRICT_OBJC_MSGSEND = YES;
				GCC_C_LANGUAGE_STANDARD = gnu11;
				GCC_NO_COMMON_BLOCKS = YES;
				GCC_WARN_64_TO_32_BIT_CONVERSION = YES;
				GCC_WARN_ABOUT_RETURN_TYPE = YES_ERROR;
				GCC_WARN_UNDECLARED_SELECTOR = YES;
				GCC_WARN_UNINITIALIZED_AUTOS = YES_AGGRESSIVE;
				GCC_WARN_UNUSED_FUNCTION = YES;
				GCC_WARN_UNUSED_VARIABLE = YES;
				IPHONEOS_DEPLOYMENT_TARGET = 11.3;
				MTL_ENABLE_DEBUG_INFO = NO;
				SDKROOT = iphoneos;
				SWIFT_COMPILATION_MODE = wholemodule;
				SWIFT_OPTIMIZATION_LEVEL = "-O";
				VALIDATE_PRODUCT = YES;
			};
			name = Release;
		};
		BB6645FB22B3AD270055CE2C /* Debug */ = {
			isa = XCBuildConfiguration;
			buildSettings = {
				ASSETCATALOG_COMPILER_APPICON_NAME = AppIcon;
				CODE_SIGN_STYLE = Automatic;
				FRAMEWORK_SEARCH_PATHS = (
					"$(inherited)",
					"$(PROJECT_DIR)/Carthage/Build/iOS",
				);
				INFOPLIST_FILE = "Foundation-iOS/Info.plist";
				LD_RUNPATH_SEARCH_PATHS = (
					"$(inherited)",
					"@executable_path/Frameworks",
				);
				PRODUCT_BUNDLE_IDENTIFIER = "com.ao.Foundation-iOS";
				PRODUCT_NAME = "$(TARGET_NAME)";
				SWIFT_VERSION = 4.0;
				TARGETED_DEVICE_FAMILY = "1,2";
			};
			name = Debug;
		};
		BB6645FC22B3AD270055CE2C /* Release */ = {
			isa = XCBuildConfiguration;
			buildSettings = {
				ASSETCATALOG_COMPILER_APPICON_NAME = AppIcon;
				CODE_SIGN_STYLE = Automatic;
				FRAMEWORK_SEARCH_PATHS = (
					"$(inherited)",
					"$(PROJECT_DIR)/Carthage/Build/iOS",
				);
				INFOPLIST_FILE = "Foundation-iOS/Info.plist";
				LD_RUNPATH_SEARCH_PATHS = (
					"$(inherited)",
					"@executable_path/Frameworks",
				);
				PRODUCT_BUNDLE_IDENTIFIER = "com.ao.Foundation-iOS";
				PRODUCT_NAME = "$(TARGET_NAME)";
				SWIFT_VERSION = 4.0;
				TARGETED_DEVICE_FAMILY = "1,2";
			};
			name = Release;
		};
		BB6645FE22B3AD270055CE2C /* Debug */ = {
			isa = XCBuildConfiguration;
			buildSettings = {
				ALWAYS_EMBED_SWIFT_STANDARD_LIBRARIES = YES;
				BUNDLE_LOADER = "$(TEST_HOST)";
				CODE_SIGN_STYLE = Automatic;
				INFOPLIST_FILE = "Foundation-iOSTests/Info.plist";
				LD_RUNPATH_SEARCH_PATHS = (
					"$(inherited)",
					"@executable_path/Frameworks",
					"@loader_path/Frameworks",
				);
				PRODUCT_BUNDLE_IDENTIFIER = "com.ao.Foundation-iOSTests";
				PRODUCT_NAME = "$(TARGET_NAME)";
				SWIFT_VERSION = 4.0;
				TARGETED_DEVICE_FAMILY = "1,2";
				TEST_HOST = "$(BUILT_PRODUCTS_DIR)/Foundation-iOS.app/Foundation-iOS";
			};
			name = Debug;
		};
		BB6645FF22B3AD270055CE2C /* Release */ = {
			isa = XCBuildConfiguration;
			buildSettings = {
				ALWAYS_EMBED_SWIFT_STANDARD_LIBRARIES = YES;
				BUNDLE_LOADER = "$(TEST_HOST)";
				CODE_SIGN_STYLE = Automatic;
				INFOPLIST_FILE = "Foundation-iOSTests/Info.plist";
				LD_RUNPATH_SEARCH_PATHS = (
					"$(inherited)",
					"@executable_path/Frameworks",
					"@loader_path/Frameworks",
				);
				PRODUCT_BUNDLE_IDENTIFIER = "com.ao.Foundation-iOSTests";
				PRODUCT_NAME = "$(TARGET_NAME)";
				SWIFT_VERSION = 4.0;
				TARGETED_DEVICE_FAMILY = "1,2";
				TEST_HOST = "$(BUILT_PRODUCTS_DIR)/Foundation-iOS.app/Foundation-iOS";
			};
			name = Release;
		};
		BB66460122B3AD270055CE2C /* Debug */ = {
			isa = XCBuildConfiguration;
			buildSettings = {
				ALWAYS_EMBED_SWIFT_STANDARD_LIBRARIES = YES;
				CODE_SIGN_STYLE = Automatic;
				INFOPLIST_FILE = "Foundation-iOSUITests/Info.plist";
				LD_RUNPATH_SEARCH_PATHS = (
					"$(inherited)",
					"@executable_path/Frameworks",
					"@loader_path/Frameworks",
				);
				PRODUCT_BUNDLE_IDENTIFIER = "com.ao.Foundation-iOSUITests";
				PRODUCT_NAME = "$(TARGET_NAME)";
				SWIFT_VERSION = 4.0;
				TARGETED_DEVICE_FAMILY = "1,2";
				TEST_TARGET_NAME = "Foundation-iOS";
			};
			name = Debug;
		};
		BB66460222B3AD270055CE2C /* Release */ = {
			isa = XCBuildConfiguration;
			buildSettings = {
				ALWAYS_EMBED_SWIFT_STANDARD_LIBRARIES = YES;
				CODE_SIGN_STYLE = Automatic;
				INFOPLIST_FILE = "Foundation-iOSUITests/Info.plist";
				LD_RUNPATH_SEARCH_PATHS = (
					"$(inherited)",
					"@executable_path/Frameworks",
					"@loader_path/Frameworks",
				);
				PRODUCT_BUNDLE_IDENTIFIER = "com.ao.Foundation-iOSUITests";
				PRODUCT_NAME = "$(TARGET_NAME)";
				SWIFT_VERSION = 4.0;
				TARGETED_DEVICE_FAMILY = "1,2";
				TEST_TARGET_NAME = "Foundation-iOS";
			};
			name = Release;
		};
/* End XCBuildConfiguration section */

/* Begin XCConfigurationList section */
		BB6645CD22B3AD250055CE2C /* Build configuration list for PBXProject "Foundation-iOS" */ = {
			isa = XCConfigurationList;
			buildConfigurations = (
				BB6645F822B3AD270055CE2C /* Debug */,
				BB6645F922B3AD270055CE2C /* Release */,
			);
			defaultConfigurationIsVisible = 0;
			defaultConfigurationName = Release;
		};
		BB6645FA22B3AD270055CE2C /* Build configuration list for PBXNativeTarget "Foundation-iOS" */ = {
			isa = XCConfigurationList;
			buildConfigurations = (
				BB6645FB22B3AD270055CE2C /* Debug */,
				BB6645FC22B3AD270055CE2C /* Release */,
			);
			defaultConfigurationIsVisible = 0;
			defaultConfigurationName = Release;
		};
		BB6645FD22B3AD270055CE2C /* Build configuration list for PBXNativeTarget "Foundation-iOSTests" */ = {
			isa = XCConfigurationList;
			buildConfigurations = (
				BB6645FE22B3AD270055CE2C /* Debug */,
				BB6645FF22B3AD270055CE2C /* Release */,
			);
			defaultConfigurationIsVisible = 0;
			defaultConfigurationName = Release;
		};
		BB66460022B3AD270055CE2C /* Build configuration list for PBXNativeTarget "Foundation-iOSUITests" */ = {
			isa = XCConfigurationList;
			buildConfigurations = (
				BB66460122B3AD270055CE2C /* Debug */,
				BB66460222B3AD270055CE2C /* Release */,
			);
			defaultConfigurationIsVisible = 0;
			defaultConfigurationName = Release;
		};
/* End XCConfigurationList section */
	};
	rootObject = BB6645CA22B3AD250055CE2C /* Project object */;
}
